lockfileVersion: 5.3

specifiers:
  '@vitejs/plugin-vue': ^1.2.3
  '@vue/compiler-sfc': ^3.0.5
  '@vueuse/core': ^5.0.3
  vite: ^2.3.8
  vite-plugin-components: ^0.12.0
  vite-plugin-pages: ^0.14.8
  vite-plugin-vue-layouts: ^0.3.1
  vue: ^3.0.5
  vue-router: ^4

dependencies:
  '@vueuse/core': 5.0.3_vue@3.1.4
  vue: 3.1.4

devDependencies:
  '@vitejs/plugin-vue': 1.2.4_@vue+compiler-sfc@3.1.4
  '@vue/compiler-sfc': 3.1.4_vue@3.1.4
  vite: 2.3.8
  vite-plugin-components: 0.12.0_vite@2.3.8
  vite-plugin-pages: 0.14.8_vite@2.3.8
  vite-plugin-vue-layouts: 0.3.1_vite@2.3.8
  vue-router: 4.0.10_vue@3.1.4

packages:

  /@antfu/utils/0.2.4:
    resolution: {integrity: sha512-2bZNkVfL9IZESmvE26UKi8SzyvSoaIsGXDcnbHFMtmGMqUiB1fXpAJ1ijGf+tSqKRQ5yagck2U1Qk0p+705/kw==}
    dependencies:
      '@types/throttle-debounce': 2.1.0
    dev: true

  /@babel/helper-validator-identifier/7.14.5:
    resolution: {integrity: sha512-5lsetuxCLilmVGyiLEfoHBRX8UCFD+1m2x3Rj97WrW3V7H3u4RWRXA4evMjImCsin2J2YT0QaVDGf+z8ondbAg==}
    engines: {node: '>=6.9.0'}

  /@babel/parser/7.14.7:
    resolution: {integrity: sha512-X67Z5y+VBJuHB/RjwECp8kSl5uYi0BvRbNeWqkaJCVh+LiTPl19WBUfG627psSgp9rSf6ojuXghQM3ha6qHHdA==}
    engines: {node: '>=6.0.0'}
    hasBin: true

  /@babel/types/7.14.5:
    resolution: {integrity: sha512-M/NzBpEL95I5Hh4dwhin5JlE7EzO5PHMAuzjxss3tiOBD46KfQvVedN/3jEPZvdRvtsK2222XfdHogNIttFgcg==}
    engines: {node: '>=6.9.0'}
    dependencies:
      '@babel/helper-validator-identifier': 7.14.5
      to-fast-properties: 2.0.0

  /@nodelib/fs.scandir/2.1.5:
    resolution: {integrity: sha512-vq24Bq3ym5HEQm2NKCr3yXDwjc7vTsEThRDnkp2DK9p1uqLR+DHurm/NOTo0KG7HYHU7eppKZj3MyqYuMBf62g==}
    engines: {node: '>= 8'}
    dependencies:
      '@nodelib/fs.stat': 2.0.5
      run-parallel: 1.2.0
    dev: true

  /@nodelib/fs.stat/2.0.5:
    resolution: {integrity: sha512-RkhPPp2zrqDAQA/2jNhnztcPAlv64XdhIp7a7454A5ovI7Bukxgt7MX7udwAu3zg1DcpPU0rz3VV1SeaqvY4+A==}
    engines: {node: '>= 8'}
    dev: true

  /@nodelib/fs.walk/1.2.7:
    resolution: {integrity: sha512-BTIhocbPBSrRmHxOAJFtR18oLhxTtAFDAvL8hY1S3iU8k+E60W/YFs4jrixGzQjMpF4qPXxIQHcjVD9dz1C2QA==}
    engines: {node: '>= 8'}
    dependencies:
      '@nodelib/fs.scandir': 2.1.5
      fastq: 1.11.0
    dev: true

  /@types/estree/0.0.48:
    resolution: {integrity: sha512-LfZwXoGUDo0C3me81HXgkBg5CTQYb6xzEl+fNmbO4JdRiSKQ8A0GD1OBBvKAIsbCUgoyAty7m99GqqMQe784ew==}
    dev: true

  /@types/throttle-debounce/2.1.0:
    resolution: {integrity: sha512-5eQEtSCoESnh2FsiLTxE121IiE60hnMqcb435fShf4bpLRjEu1Eoekht23y6zXS9Ts3l+Szu3TARnTsA0GkOkQ==}
    dev: true

  /@vitejs/plugin-vue/1.2.4_@vue+compiler-sfc@3.1.4:
    resolution: {integrity: sha512-D/3H9plevPQGgQGwmV6eecvOnooLTecPR63HPffVVWPEhbfvmtYLWgznzs456NBb2DItiRTCIa1yWxvGqC+I8A==}
    engines: {node: '>=12.0.0'}
    peerDependencies:
      '@vue/compiler-sfc': ^3.0.8
    dependencies:
      '@vue/compiler-sfc': 3.1.4_vue@3.1.4
    dev: true

  /@vue/compiler-core/3.1.4:
    resolution: {integrity: sha512-TnUz+1z0y74O/A4YKAbzsdUfamyHV73MihrEfvettWpm9bQKVoZd1nEmR1cGN9LsXWlwAvVQBetBlWdOjmQO5Q==}
    dependencies:
      '@babel/parser': 7.14.7
      '@babel/types': 7.14.5
      '@vue/shared': 3.1.4
      estree-walker: 2.0.2
      source-map: 0.6.1

  /@vue/compiler-dom/3.1.4:
    resolution: {integrity: sha512-3tG2ScHkghhUBuFwl9KgyZhrS8CPFZsO7hUDekJgIp5b1OMkROr4AvxHu6rRMl4WkyvYkvidFNBS2VfOnwa6Kw==}
    dependencies:
      '@vue/compiler-core': 3.1.4
      '@vue/shared': 3.1.4

  /@vue/compiler-sfc/3.1.4_vue@3.1.4:
    resolution: {integrity: sha512-4KDQg60Khy3SgnF+V/TB2NZqzmM4TyGRmzsxqG1SebGdMSecCweFDSlI/F1vDYk6dKiCHgmpoT9A1sLxswkJ0A==}
    peerDependencies:
      vue: 3.1.4
    dependencies:
      '@babel/parser': 7.14.7
      '@babel/types': 7.14.5
      '@types/estree': 0.0.48
      '@vue/compiler-core': 3.1.4
      '@vue/compiler-dom': 3.1.4
      '@vue/compiler-ssr': 3.1.4
      '@vue/shared': 3.1.4
      consolidate: 0.16.0
      estree-walker: 2.0.2
      hash-sum: 2.0.0
      lru-cache: 5.1.1
      magic-string: 0.25.7
      merge-source-map: 1.1.0
      postcss: 8.3.5
      postcss-modules: 4.1.3_postcss@8.3.5
      postcss-selector-parser: 6.0.6
      source-map: 0.6.1
      vue: 3.1.4
    dev: true

  /@vue/compiler-ssr/3.1.4:
    resolution: {integrity: sha512-Box8fCuCFPp0FuimIswjDkjwiSDCBkHvt/xVALyFkYCiIMWv2eR53fIjmlsnEHhcBuZ+VgRC+UanCTcKvSA1gA==}
    dependencies:
      '@vue/compiler-dom': 3.1.4
      '@vue/shared': 3.1.4
    dev: true

  /@vue/devtools-api/6.0.0-beta.15:
    resolution: {integrity: sha512-quBx4Jjpexo6KDiNUGFr/zF/2A4srKM9S9v2uHgMXSU//hjgq1eGzqkIFql8T9gfX5ZaVOUzYBP3jIdIR3PKIA==}
    dev: true

  /@vue/reactivity/3.1.4:
    resolution: {integrity: sha512-YDlgii2Cr9yAoKVZFzgY4j0mYlVT73986X3e5SPp6ifqckSEoFSUWXZK2Tb53TB/9qO29BEEbspnKD3m3wAwkA==}
    dependencies:
      '@vue/shared': 3.1.4

  /@vue/runtime-core/3.1.4:
    resolution: {integrity: sha512-qmVJgJuFxfT7M4qHQ4M6KqhKC66fjuswK+aBivE8dWiZ2rtIGl9gtJGpwqwjQEcKEBTOfvvrtrwBncYArJUO8Q==}
    dependencies:
      '@vue/reactivity': 3.1.4
      '@vue/shared': 3.1.4

  /@vue/runtime-dom/3.1.4:
    resolution: {integrity: sha512-vbmwgTxku1BU87Kw7r29adv0OIrDXCW0PslOPQT0O/9R5SqcXgS94Yj6zsztDjvghegenwIAPNLlDR1Auh5s+w==}
    dependencies:
      '@vue/runtime-core': 3.1.4
      '@vue/shared': 3.1.4
      csstype: 2.6.17

  /@vue/shared/3.1.4:
    resolution: {integrity: sha512-6O45kZAmkLvzGLToBxEz4lR2W6kXohCtebV2UxjH9GXjd8X9AhEn68FN9eNanFtWNzvgw1hqd6HkPRVQalqf7Q==}

  /@vueuse/core/5.0.3_vue@3.1.4:
    resolution: {integrity: sha512-TMCL11EVMaj2Y5qdYosvuwA+i1aKrerFXs7fhNZiQiLCWxF8XsrNdxzoiaI2n12UcmSOXvd1xdyWs7Nss+p/Hg==}
    dependencies:
      '@vueuse/shared': 5.0.3_vue@3.1.4
      vue-demi: 0.9.1_vue@3.1.4
    transitivePeerDependencies:
      - '@vue/composition-api'
      - vue
    dev: false

  /@vueuse/shared/5.0.3_vue@3.1.4:
    resolution: {integrity: sha512-aY93WPygr8H/4RB8YuOmAD83Y+faq7zwW10Kd9i0kD9zf5ysVP+32j09rF/mZVtGCa0CSM8ambPZMsEhCkRbwQ==}
    dependencies:
      vue-demi: 0.9.1_vue@3.1.4
    transitivePeerDependencies:
      - '@vue/composition-api'
      - vue
    dev: false

  /available-typed-arrays/1.0.4:
    resolution: {integrity: sha512-SA5mXJWrId1TaQjfxUYghbqQ/hYioKmLJvPJyDuYRtXXenFNMjj4hSSt1Cf1xsuXSXrtxrVC5Ot4eU6cOtBDdA==}
    engines: {node: '>= 0.4'}
    dev: true

  /balanced-match/1.0.2:
    resolution: {integrity: sha512-3oSeUO0TMV67hN1AmbXsK4yaqU7tjiHlbxRDZOpH0KW9+CeX4bRAaX0Anxt0tx2MrpRpWwQaPwIlISEJhYU5Pw==}
    dev: true

  /big.js/5.2.2:
    resolution: {integrity: sha512-vyL2OymJxmarO8gxMr0mhChsO9QGwhynfuu4+MHTAW6czfq9humCB7rKpUjDd9YUiDPU4mzpyupFSvOClAwbmQ==}
    dev: true

  /bluebird/3.7.2:
    resolution: {integrity: sha512-XpNj6GDQzdfW+r2Wnn7xiSAd7TM3jzkxGXBGTtWKuSXv1xUV+azxAm8jdWZN06QTQk+2N2XB9jRDkvbmQmcRtg==}
    dev: true

  /brace-expansion/1.1.11:
    resolution: {integrity: sha512-iCuPHDFgrHX7H2vEI/5xpz07zSHB00TpugqhmYtVmMO6518mCuRMoOYFldEBl0g187ufozdaHgWKcYFb61qGiA==}
    dependencies:
      balanced-match: 1.0.2
      concat-map: 0.0.1
    dev: true

  /braces/3.0.2:
    resolution: {integrity: sha512-b8um+L1RzM3WDSzvhm6gIz1yfTbBt6YTlcEKAvsmqCZZFw46z626lVj9j1yEPW33H5H+lBQpZMP1k8l+78Ha0A==}
    engines: {node: '>=8'}
    dependencies:
      fill-range: 7.0.1
    dev: true

  /call-bind/1.0.2:
    resolution: {integrity: sha512-7O+FbCihrB5WGbFYesctwmTKae6rOiIzmz1icreWJ+0aA7LJfuqhEso2T9ncpcFtzMQtzXf2QGGueWJGTYsqrA==}
    dependencies:
      function-bind: 1.1.1
      get-intrinsic: 1.1.1
    dev: true

  /colorette/1.2.2:
    resolution: {integrity: sha512-MKGMzyfeuutC/ZJ1cba9NqcNpfeqMUcYmyF1ZFY6/Cn7CNSAKx6a+s48sqLqyAiZuaP2TcqMhoo+dlwFnVxT9w==}
    dev: true

  /concat-map/0.0.1:
    resolution: {integrity: sha1-2Klr13/Wjfd5OnMDajug1UBdR3s=}
    dev: true

  /consolidate/0.16.0:
    resolution: {integrity: sha512-Nhl1wzCslqXYTJVDyJCu3ODohy9OfBMB5uD2BiBTzd7w+QY0lBzafkR8y8755yMYHAaMD4NuzbAw03/xzfw+eQ==}
    engines: {node: '>= 0.10.0'}
    dependencies:
      bluebird: 3.7.2
    dev: true

  /cssesc/3.0.0:
    resolution: {integrity: sha512-/Tb/JcjK111nNScGob5MNtsntNM1aCNUDipB/TkwZFhyDrrE47SOx/18wF2bbjgc3ZzCSKW1T5nt5EbFoAz/Vg==}
    engines: {node: '>=4'}
    hasBin: true
    dev: true

  /csstype/2.6.17:
    resolution: {integrity: sha512-u1wmTI1jJGzCJzWndZo8mk4wnPTZd1eOIYTYvuEyOQGfmDl3TrabCCfKnOC86FZwW/9djqTl933UF/cS425i9A==}

  /debug/4.3.2:
    resolution: {integrity: sha512-mOp8wKcvj7XxC78zLgw/ZA+6TSgkoE2C/ienthhRD298T7UNwAg9diBpLRxC0mOezLl4B0xV7M0cCO6P/O0Xhw==}
    engines: {node: '>=6.0'}
    peerDependencies:
      supports-color: '*'
    peerDependenciesMeta:
      supports-color:
        optional: true
    dependencies:
      ms: 2.1.2
    dev: true

  /deep-equal/2.0.5:
    resolution: {integrity: sha512-nPiRgmbAtm1a3JsnLCf6/SLfXcjyN5v8L1TXzdCmHrXJ4hx+gW/w1YCcn7z8gJtSiDArZCgYtbao3QqLm/N1Sw==}
    dependencies:
      call-bind: 1.0.2
      es-get-iterator: 1.1.2
      get-intrinsic: 1.1.1
      is-arguments: 1.1.0
      is-date-object: 1.0.4
      is-regex: 1.1.3
      isarray: 2.0.5
      object-is: 1.1.5
      object-keys: 1.1.1
      object.assign: 4.1.2
      regexp.prototype.flags: 1.3.1
      side-channel: 1.0.4
      which-boxed-primitive: 1.0.2
      which-collection: 1.0.1
      which-typed-array: 1.1.4
    dev: true

  /define-properties/1.1.3:
    resolution: {integrity: sha512-3MqfYKj2lLzdMSf8ZIZE/V+Zuy+BgD6f164e8K2w7dgnpKArBDerGYpM46IYYcjnkdPNMjPk9A6VFB8+3SKlXQ==}
    engines: {node: '>= 0.4'}
    dependencies:
      object-keys: 1.1.1
    dev: true

  /emojis-list/3.0.0:
    resolution: {integrity: sha512-/kyM18EfinwXZbno9FyUGeFh87KC8HRQBQGildHZbEuRyWFOmv1U10o9BBp8XVZDVNNuQKyIGIu5ZYAAXJ0V2Q==}
    engines: {node: '>= 4'}
    dev: true

  /es-abstract/1.18.3:
    resolution: {integrity: sha512-nQIr12dxV7SSxE6r6f1l3DtAeEYdsGpps13dR0TwJg1S8gyp4ZPgy3FZcHBgbiQqnoqSTb+oC+kO4UQ0C/J8vw==}
    engines: {node: '>= 0.4'}
    dependencies:
      call-bind: 1.0.2
      es-to-primitive: 1.2.1
      function-bind: 1.1.1
      get-intrinsic: 1.1.1
      has: 1.0.3
      has-symbols: 1.0.2
      is-callable: 1.2.3
      is-negative-zero: 2.0.1
      is-regex: 1.1.3
      is-string: 1.0.6
      object-inspect: 1.10.3
      object-keys: 1.1.1
      object.assign: 4.1.2
      string.prototype.trimend: 1.0.4
      string.prototype.trimstart: 1.0.4
      unbox-primitive: 1.0.1
    dev: true

  /es-get-iterator/1.1.2:
    resolution: {integrity: sha512-+DTO8GYwbMCwbywjimwZMHp8AuYXOS2JZFWoi2AlPOS3ebnII9w/NLpNZtA7A0YLaVDw+O7KFCeoIV7OPvM7hQ==}
    dependencies:
      call-bind: 1.0.2
      get-intrinsic: 1.1.1
      has-symbols: 1.0.2
      is-arguments: 1.1.0
      is-map: 2.0.2
      is-set: 2.0.2
      is-string: 1.0.6
      isarray: 2.0.5
    dev: true

  /es-to-primitive/1.2.1:
    resolution: {integrity: sha512-QCOllgZJtaUo9miYBcLChTUaHNjJF3PYs1VidD7AwiEj1kYxKeQTctLAezAOH5ZKRH0g2IgPn6KwB4IT8iRpvA==}
    engines: {node: '>= 0.4'}
    dependencies:
      is-callable: 1.2.3
      is-date-object: 1.0.4
      is-symbol: 1.0.4
    dev: true

  /esbuild/0.12.14:
    resolution: {integrity: sha512-z8p+6FGiplR7a3pPonXREbm+8IeXjBGvDpVidZmGB/AJMsJSfGCU+n7KOMCazA9AwvagadRWBhiKorC0w9WJvw==}
    hasBin: true
    requiresBuild: true
    dev: true

  /estree-walker/2.0.2:
    resolution: {integrity: sha512-Rfkk/Mp/DL7JVje3u18FxFujQlTNR2q6QfMSMB7AvCBx91NGj/ba3kCfza0f6dVDbw7YlRf/nDrn7pQrCCyQ/w==}

  /fast-glob/3.2.6:
    resolution: {integrity: sha512-GnLuqj/pvQ7pX8/L4J84nijv6sAnlwvSDpMkJi9i7nPmPxGtRPkBSStfvDW5l6nMdX9VWe+pkKWFTgD+vF2QSQ==}
    engines: {node: '>=8'}
    dependencies:
      '@nodelib/fs.stat': 2.0.5
      '@nodelib/fs.walk': 1.2.7
      glob-parent: 5.1.2
      merge2: 1.4.1
      micromatch: 4.0.4
    dev: true

  /fastq/1.11.0:
    resolution: {integrity: sha512-7Eczs8gIPDrVzT+EksYBcupqMyxSHXXrHOLRRxU2/DicV8789MRBRR8+Hc2uWzUupOs4YS4JzBmBxjjCVBxD/g==}
    dependencies:
      reusify: 1.0.4
    dev: true

  /fill-range/7.0.1:
    resolution: {integrity: sha512-qOo9F+dMUmC2Lcb4BbVvnKJxTPjCm+RRpe4gDuGrzkL7mEVl/djYSu2OdQ2Pa302N4oqkSg9ir6jaLWJ2USVpQ==}
    engines: {node: '>=8'}
    dependencies:
      to-regex-range: 5.0.1
    dev: true

  /foreach/2.0.5:
    resolution: {integrity: sha1-C+4AUBiusmDQo6865ljdATbsG5k=}
    dev: true

  /fsevents/2.3.2:
    resolution: {integrity: sha512-xiqMQR4xAeHTuB9uWm+fFRcIOgKBMiOBP+eXiyT7jsgVCq1bkVygt00oASowB7EdtpOHaaPgKt812P9ab+DDKA==}
    engines: {node: ^8.16.0 || ^10.6.0 || >=11.0.0}
    os: [darwin]
    dev: true
    optional: true

  /function-bind/1.1.1:
    resolution: {integrity: sha512-yIovAzMX49sF8Yl58fSCWJ5svSLuaibPxXQJFLmBObTuCr0Mf1KiPopGM9NiFjiYBCbfaa2Fh6breQ6ANVTI0A==}
    dev: true

  /generic-names/2.0.1:
    resolution: {integrity: sha512-kPCHWa1m9wGG/OwQpeweTwM/PYiQLrUIxXbt/P4Nic3LbGjCP0YwrALHW1uNLKZ0LIMg+RF+XRlj2ekT9ZlZAQ==}
    dependencies:
      loader-utils: 1.4.0
    dev: true

  /get-intrinsic/1.1.1:
    resolution: {integrity: sha512-kWZrnVM42QCiEA2Ig1bG8zjoIMOgxWwYCEeNdwY6Tv/cOSeGpcoX4pXHfKUxNKVoArnrEr2e9srnAxxGIraS9Q==}
    dependencies:
      function-bind: 1.1.1
      has: 1.0.3
      has-symbols: 1.0.2
    dev: true

  /glob-parent/5.1.2:
    resolution: {integrity: sha512-AOIgSQCepiJYwP3ARnGx+5VnTu2HBYdzbGP45eLw1vr3zB3vZLeyed1sC9hnbcOc9/SrMyM5RPQrkGz4aS9Zow==}
    engines: {node: '>= 6'}
    dependencies:
      is-glob: 4.0.1
    dev: true

  /has-bigints/1.0.1:
    resolution: {integrity: sha512-LSBS2LjbNBTf6287JEbEzvJgftkF5qFkmCo9hDRpAzKhUOlJ+hx8dd4USs00SgsUNwc4617J9ki5YtEClM2ffA==}
    dev: true

  /has-symbols/1.0.2:
    resolution: {integrity: sha512-chXa79rL/UC2KlX17jo3vRGz0azaWEx5tGqZg5pO3NUyEJVB17dMruQlzCCOfUvElghKcm5194+BCRvi2Rv/Gw==}
    engines: {node: '>= 0.4'}
    dev: true

  /has/1.0.3:
    resolution: {integrity: sha512-f2dvO0VU6Oej7RkWJGrehjbzMAjFp5/VKPp5tTpWIV4JHHZK1/BxbFRtf/siA2SWTe09caDmVtYYzWEIbBS4zw==}
    engines: {node: '>= 0.4.0'}
    dependencies:
      function-bind: 1.1.1
    dev: true

  /hash-sum/2.0.0:
    resolution: {integrity: sha512-WdZTbAByD+pHfl/g9QSsBIIwy8IT+EsPiKDs0KNX+zSHhdDLFKdZu0BQHljvO+0QI/BasbMSUa8wYNCZTvhslg==}
    dev: true

  /icss-replace-symbols/1.1.0:
    resolution: {integrity: sha1-Bupvg2ead0njhs/h/oEq5dsiPe0=}
    dev: true

  /icss-utils/5.1.0_postcss@8.3.5:
    resolution: {integrity: sha512-soFhflCVWLfRNOPU3iv5Z9VUdT44xFRbzjLsEzSr5AQmgqPMTHdU3PMT1Cf1ssx8fLNJDA1juftYl+PUcv3MqA==}
    engines: {node: ^10 || ^12 || >= 14}
    peerDependencies:
      postcss: ^8.1.0
    dependencies:
      postcss: 8.3.5
    dev: true

  /is-arguments/1.1.0:
    resolution: {integrity: sha512-1Ij4lOMPl/xB5kBDn7I+b2ttPMKa8szhEIrXDuXQD/oe3HJLTLhqhgGspwgyGd6MOywBUqVvYicF72lkgDnIHg==}
    engines: {node: '>= 0.4'}
    dependencies:
      call-bind: 1.0.2
    dev: true

  /is-bigint/1.0.2:
    resolution: {integrity: sha512-0JV5+SOCQkIdzjBK9buARcV804Ddu7A0Qet6sHi3FimE9ne6m4BGQZfRn+NZiXbBk4F4XmHfDZIipLj9pX8dSA==}
    dev: true

  /is-boolean-object/1.1.1:
    resolution: {integrity: sha512-bXdQWkECBUIAcCkeH1unwJLIpZYaa5VvuygSyS/c2lf719mTKZDU5UdDRlpd01UjADgmW8RfqaP+mRaVPdr/Ng==}
    engines: {node: '>= 0.4'}
    dependencies:
      call-bind: 1.0.2
    dev: true

  /is-callable/1.2.3:
    resolution: {integrity: sha512-J1DcMe8UYTBSrKezuIUTUwjXsho29693unXM2YhJUTR2txK/eG47bvNa/wipPFmZFgr/N6f1GA66dv0mEyTIyQ==}
    engines: {node: '>= 0.4'}
    dev: true

  /is-core-module/2.4.0:
    resolution: {integrity: sha512-6A2fkfq1rfeQZjxrZJGerpLCTHRNEBiSgnu0+obeJpEPZRUooHgsizvzv0ZjJwOz3iWIHdJtVWJ/tmPr3D21/A==}
    dependencies:
      has: 1.0.3
    dev: true

  /is-date-object/1.0.4:
    resolution: {integrity: sha512-/b4ZVsG7Z5XVtIxs/h9W8nvfLgSAyKYdtGWQLbqy6jA1icmgjf8WCoTKgeS4wy5tYaPePouzFMANbnj94c2Z+A==}
    engines: {node: '>= 0.4'}
    dev: true

  /is-extglob/2.1.1:
    resolution: {integrity: sha1-qIwCU1eR8C7TfHahueqXc8gz+MI=}
    engines: {node: '>=0.10.0'}
    dev: true

  /is-glob/4.0.1:
    resolution: {integrity: sha512-5G0tKtBTFImOqDnLB2hG6Bp2qcKEFduo4tZu9MT/H6NQv/ghhy30o55ufafxJ/LdH79LLs2Kfrn85TLKyA7BUg==}
    engines: {node: '>=0.10.0'}
    dependencies:
      is-extglob: 2.1.1
    dev: true

  /is-map/2.0.2:
    resolution: {integrity: sha512-cOZFQQozTha1f4MxLFzlgKYPTyj26picdZTx82hbc/Xf4K/tZOOXSCkMvU4pKioRXGDLJRn0GM7Upe7kR721yg==}
    dev: true

  /is-negative-zero/2.0.1:
    resolution: {integrity: sha512-2z6JzQvZRa9A2Y7xC6dQQm4FSTSTNWjKIYYTt4246eMTJmIo0Q+ZyOsU66X8lxK1AbB92dFeglPLrhwpeRKO6w==}
    engines: {node: '>= 0.4'}
    dev: true

  /is-number-object/1.0.5:
    resolution: {integrity: sha512-RU0lI/n95pMoUKu9v1BZP5MBcZuNSVJkMkAG2dJqC4z2GlkGUNeH68SuHuBKBD/XFe+LHZ+f9BKkLET60Niedw==}
    engines: {node: '>= 0.4'}
    dev: true

  /is-number/7.0.0:
    resolution: {integrity: sha512-41Cifkg6e8TylSpdtTpeLVMqvSBEVzTttHvERD741+pnZ8ANv0004MRL43QKPDlK9cGvNp6NZWZUBlbGXYxxng==}
    engines: {node: '>=0.12.0'}
    dev: true

  /is-regex/1.1.3:
    resolution: {integrity: sha512-qSVXFz28HM7y+IWX6vLCsexdlvzT1PJNFSBuaQLQ5o0IEw8UDYW6/2+eCMVyIsbM8CNLX2a/QWmSpyxYEHY7CQ==}
    engines: {node: '>= 0.4'}
    dependencies:
      call-bind: 1.0.2
      has-symbols: 1.0.2
    dev: true

  /is-set/2.0.2:
    resolution: {integrity: sha512-+2cnTEZeY5z/iXGbLhPrOAaK/Mau5k5eXq9j14CpRTftq0pAJu2MwVRSZhyZWBzx3o6X795Lz6Bpb6R0GKf37g==}
    dev: true

  /is-string/1.0.6:
    resolution: {integrity: sha512-2gdzbKUuqtQ3lYNrUTQYoClPhm7oQu4UdpSZMp1/DGgkHBT8E2Z1l0yMdb6D4zNAxwDiMv8MdulKROJGNl0Q0w==}
    engines: {node: '>= 0.4'}
    dev: true

  /is-symbol/1.0.4:
    resolution: {integrity: sha512-C/CPBqKWnvdcxqIARxyOh4v1UUEOCHpgDa0WYgpKDFMszcrPcffg5uhwSgPCLD2WWxmq6isisz87tzT01tuGhg==}
    engines: {node: '>= 0.4'}
    dependencies:
      has-symbols: 1.0.2
    dev: true

  /is-typed-array/1.1.5:
    resolution: {integrity: sha512-S+GRDgJlR3PyEbsX/Fobd9cqpZBuvUS+8asRqYDMLCb2qMzt1oz5m5oxQCxOgUDxiWsOVNi4yaF+/uvdlHlYug==}
    engines: {node: '>= 0.4'}
    dependencies:
      available-typed-arrays: 1.0.4
      call-bind: 1.0.2
      es-abstract: 1.18.3
      foreach: 2.0.5
      has-symbols: 1.0.2
    dev: true

  /is-weakmap/2.0.1:
    resolution: {integrity: sha512-NSBR4kH5oVj1Uwvv970ruUkCV7O1mzgVFO4/rev2cLRda9Tm9HrL70ZPut4rOHgY0FNrUu9BCbXA2sdQ+x0chA==}
    dev: true

  /is-weakset/2.0.1:
    resolution: {integrity: sha512-pi4vhbhVHGLxohUw7PhGsueT4vRGFoXhP7+RGN0jKIv9+8PWYCQTqtADngrxOm2g46hoH0+g8uZZBzMrvVGDmw==}
    dev: true

  /isarray/2.0.5:
    resolution: {integrity: sha512-xHjhDr3cNBK0BzdUJSPXZntQUx/mwMS5Rw4A7lPJ90XGAO6ISP/ePDNuo0vhqOZU+UD5JoodwCAAoZQd3FeAKw==}
    dev: true

  /json5/1.0.1:
    resolution: {integrity: sha512-aKS4WQjPenRxiQsC93MNfjx+nbF4PAdYzmd/1JIj8HYzqfbu86beTuNgXDzPknWk0n0uARlyewZo4s++ES36Ow==}
    hasBin: true
    dependencies:
      minimist: 1.2.5
    dev: true

  /json5/2.2.0:
    resolution: {integrity: sha512-f+8cldu7X/y7RAJurMEJmdoKXGB/X550w2Nr3tTbezL6RwEE/iMcm+tZnXeoZtKuOq6ft8+CqzEkrIgx1fPoQA==}
    engines: {node: '>=6'}
    hasBin: true
    dependencies:
      minimist: 1.2.5
    dev: true

  /loader-utils/1.4.0:
    resolution: {integrity: sha512-qH0WSMBtn/oHuwjy/NucEgbx5dbxxnxup9s4PVXJUDHZBQY+s0NWA9rJf53RBnQZxfch7euUui7hpoAPvALZdA==}
    engines: {node: '>=4.0.0'}
    dependencies:
      big.js: 5.2.2
      emojis-list: 3.0.0
      json5: 1.0.1
    dev: true

  /lodash.camelcase/4.3.0:
    resolution: {integrity: sha1-soqmKIorn8ZRA1x3EfZathkDMaY=}
    dev: true

  /lru-cache/5.1.1:
    resolution: {integrity: sha512-KpNARQA3Iwv+jTA0utUVVbrh+Jlrr1Fv0e56GGzAFOXN7dk/FviaDW8LHmK52DlcH4WP2n6gI8vN1aesBFgo9w==}
    dependencies:
      yallist: 3.1.1
    dev: true

  /magic-string/0.25.7:
    resolution: {integrity: sha512-4CrMT5DOHTDk4HYDlzmwu4FVCcIYI8gauveasrdCu2IKIFOJ3f0v/8MDGJCDL9oD2ppz/Av1b0Nj345H9M+XIA==}
    dependencies:
      sourcemap-codec: 1.4.8
    dev: true

  /merge-source-map/1.1.0:
    resolution: {integrity: sha512-Qkcp7P2ygktpMPh2mCQZaf3jhN6D3Z/qVZHSdWvQ+2Ef5HgRAPBO57A77+ENm0CPx2+1Ce/MYKi3ymqdfuqibw==}
    dependencies:
      source-map: 0.6.1
    dev: true

  /merge2/1.4.1:
    resolution: {integrity: sha512-8q7VEgMJW4J8tcfVPy8g09NcQwZdbwFEqhe/WZkoIzjn/3TGDwtOCYtXGxA3O8tPzpczCCDgv+P2P5y00ZJOOg==}
    engines: {node: '>= 8'}
    dev: true

  /micromatch/4.0.4:
    resolution: {integrity: sha512-pRmzw/XUcwXGpD9aI9q/0XOwLNygjETJ8y0ao0wdqprrzDa4YnxLcz7fQRZr8voh8V10kGhABbNcHVk5wHgWwg==}
    engines: {node: '>=8.6'}
    dependencies:
      braces: 3.0.2
      picomatch: 2.3.0
    dev: true

  /minimatch/3.0.4:
    resolution: {integrity: sha512-yJHVQEhyqPLUTgt9B83PXu6W3rx4MvvHvSUvToogpwoGDOUQ+yDrR0HRot+yOCdCO7u4hX3pWft6kWBBcqh0UA==}
    dependencies:
      brace-expansion: 1.1.11
    dev: true

  /minimist/1.2.5:
    resolution: {integrity: sha512-FM9nNUYrRBAELZQT3xeZQ7fmMOBg6nWNmJKTcgsJeaLstP/UODVpGsr5OhXhhXg6f+qtJ8uiZ+PUxkDWcgIXLw==}
    dev: true

  /ms/2.1.2:
    resolution: {integrity: sha512-sGkPx+VjMtmA6MX27oA4FBFELFCZZ4S4XqeGOXCv68tT+jb3vk/RyaKWP0PTKyWtmLSM0b+adUTEvbs1PEaH2w==}
    dev: true

  /nanoid/3.1.23:
    resolution: {integrity: sha512-FiB0kzdP0FFVGDKlRLEQ1BgDzU87dy5NnzjeW9YZNt+/c3+q82EQDUwniSAUxp/F0gFNI1ZhKU1FqYsMuqZVnw==}
    engines: {node: ^10 || ^12 || ^13.7 || ^14 || >=15.0.1}
    hasBin: true
    dev: true

  /object-inspect/1.10.3:
    resolution: {integrity: sha512-e5mCJlSH7poANfC8z8S9s9S2IN5/4Zb3aZ33f5s8YqoazCFzNLloLU8r5VCG+G7WoqLvAAZoVMcy3tp/3X0Plw==}
    dev: true

  /object-is/1.1.5:
    resolution: {integrity: sha512-3cyDsyHgtmi7I7DfSSI2LDp6SK2lwvtbg0p0R1e0RvTqF5ceGx+K2dfSjm1bKDMVCFEDAQvy+o8c6a7VujOddw==}
    engines: {node: '>= 0.4'}
    dependencies:
      call-bind: 1.0.2
      define-properties: 1.1.3
    dev: true

  /object-keys/1.1.1:
    resolution: {integrity: sha512-NuAESUOUMrlIXOfHKzD6bpPu3tYt3xvjNdRIQ+FeT0lNb4K8WR70CaDxhuNguS2XG+GjkyMwOzsN5ZktImfhLA==}
    engines: {node: '>= 0.4'}
    dev: true

  /object.assign/4.1.2:
    resolution: {integrity: sha512-ixT2L5THXsApyiUPYKmW+2EHpXXe5Ii3M+f4e+aJFAHao5amFRW6J0OO6c/LU8Be47utCx2GL89hxGB6XSmKuQ==}
    engines: {node: '>= 0.4'}
    dependencies:
      call-bind: 1.0.2
      define-properties: 1.1.3
      has-symbols: 1.0.2
      object-keys: 1.1.1
    dev: true

  /path-parse/1.0.7:
    resolution: {integrity: sha512-LDJzPVEEEPR+y48z93A0Ed0yXb8pAByGWo/k5YYdYgpY2/2EsOsksJrq7lOHxryrVOn1ejG6oAp8ahvOIQD8sw==}
    dev: true

  /picomatch/2.3.0:
    resolution: {integrity: sha512-lY1Q/PiJGC2zOv/z391WOTD+Z02bCgsFfvxoXXf6h7kv9o+WmsmzYqrAwY63sNgOxE4xEdq0WyUnXfKeBrSvYw==}
    engines: {node: '>=8.6'}
    dev: true

  /postcss-modules-extract-imports/3.0.0_postcss@8.3.5:
    resolution: {integrity: sha512-bdHleFnP3kZ4NYDhuGlVK+CMrQ/pqUm8bx/oGL93K6gVwiclvX5x0n76fYMKuIGKzlABOy13zsvqjb0f92TEXw==}
    engines: {node: ^10 || ^12 || >= 14}
    peerDependencies:
      postcss: ^8.1.0
    dependencies:
      postcss: 8.3.5
    dev: true

  /postcss-modules-local-by-default/4.0.0_postcss@8.3.5:
    resolution: {integrity: sha512-sT7ihtmGSF9yhm6ggikHdV0hlziDTX7oFoXtuVWeDd3hHObNkcHRo9V3yg7vCAY7cONyxJC/XXCmmiHHcvX7bQ==}
    engines: {node: ^10 || ^12 || >= 14}
    peerDependencies:
      postcss: ^8.1.0
    dependencies:
      icss-utils: 5.1.0_postcss@8.3.5
      postcss: 8.3.5
      postcss-selector-parser: 6.0.6
      postcss-value-parser: 4.1.0
    dev: true

  /postcss-modules-scope/3.0.0_postcss@8.3.5:
    resolution: {integrity: sha512-hncihwFA2yPath8oZ15PZqvWGkWf+XUfQgUGamS4LqoP1anQLOsOJw0vr7J7IwLpoY9fatA2qiGUGmuZL0Iqlg==}
    engines: {node: ^10 || ^12 || >= 14}
    peerDependencies:
      postcss: ^8.1.0
    dependencies:
      postcss: 8.3.5
      postcss-selector-parser: 6.0.6
    dev: true

  /postcss-modules-values/4.0.0_postcss@8.3.5:
    resolution: {integrity: sha512-RDxHkAiEGI78gS2ofyvCsu7iycRv7oqw5xMWn9iMoR0N/7mf9D50ecQqUo5BZ9Zh2vH4bCUR/ktCqbB9m8vJjQ==}
    engines: {node: ^10 || ^12 || >= 14}
    peerDependencies:
      postcss: ^8.1.0
    dependencies:
      icss-utils: 5.1.0_postcss@8.3.5
      postcss: 8.3.5
    dev: true

  /postcss-modules/4.1.3_postcss@8.3.5:
    resolution: {integrity: sha512-dBT39hrXe4OAVYJe/2ZuIZ9BzYhOe7t+IhedYeQ2OxKwDpAGlkEN/fR0fGnrbx4BvgbMReRX4hCubYK9cE/pJQ==}
    peerDependencies:
      postcss: ^8.0.0
    dependencies:
      generic-names: 2.0.1
      icss-replace-symbols: 1.1.0
      lodash.camelcase: 4.3.0
      postcss: 8.3.5
      postcss-modules-extract-imports: 3.0.0_postcss@8.3.5
      postcss-modules-local-by-default: 4.0.0_postcss@8.3.5
      postcss-modules-scope: 3.0.0_postcss@8.3.5
      postcss-modules-values: 4.0.0_postcss@8.3.5
      string-hash: 1.1.3
    dev: true

  /postcss-selector-parser/6.0.6:
    resolution: {integrity: sha512-9LXrvaaX3+mcv5xkg5kFwqSzSH1JIObIx51PrndZwlmznwXRfxMddDvo9gve3gVR8ZTKgoFDdWkbRFmEhT4PMg==}
    engines: {node: '>=4'}
    dependencies:
      cssesc: 3.0.0
      util-deprecate: 1.0.2
    dev: true

  /postcss-value-parser/4.1.0:
    resolution: {integrity: sha512-97DXOFbQJhk71ne5/Mt6cOu6yxsSfM0QGQyl0L25Gca4yGWEGJaig7l7gbCX623VqTBNGLRLaVUCnNkcedlRSQ==}
    dev: true

  /postcss/8.3.5:
    resolution: {integrity: sha512-NxTuJocUhYGsMiMFHDUkmjSKT3EdH4/WbGF6GCi1NDGk+vbcUTun4fpbOqaPtD8IIsztA2ilZm2DhYCuyN58gA==}
    engines: {node: ^10 || ^12 || >=14}
    dependencies:
      colorette: 1.2.2
      nanoid: 3.1.23
      source-map-js: 0.6.2
    dev: true

  /queue-microtask/1.2.3:
    resolution: {integrity: sha512-NuaNSa6flKT5JaSYQzJok04JzTL1CA6aGhv5rfLW3PgqA+M2ChpZQnAC8h8i4ZFkBS8X5RqkDBHA7r4hej3K9A==}
    dev: true

  /regexp.prototype.flags/1.3.1:
    resolution: {integrity: sha512-JiBdRBq91WlY7uRJ0ds7R+dU02i6LKi8r3BuQhNXn+kmeLN+EfHhfjqMRis1zJxnlu88hq/4dx0P2OP3APRTOA==}
    engines: {node: '>= 0.4'}
    dependencies:
      call-bind: 1.0.2
      define-properties: 1.1.3
    dev: true

  /resolve/1.20.0:
    resolution: {integrity: sha512-wENBPt4ySzg4ybFQW2TT1zMQucPK95HSh/nq2CFTZVOGut2+pQvSsgtda4d26YrYcr067wjbmzOG8byDPBX63A==}
    dependencies:
      is-core-module: 2.4.0
      path-parse: 1.0.7
    dev: true

  /reusify/1.0.4:
    resolution: {integrity: sha512-U9nH88a3fc/ekCF1l0/UP1IosiuIjyTh7hBvXVMHYgVcfGvt897Xguj2UOLDeI5BG2m7/uwyaLVT6fbtCwTyzw==}
    engines: {iojs: '>=1.0.0', node: '>=0.10.0'}
    dev: true

  /rollup/2.52.7:
    resolution: {integrity: sha512-55cSH4CCU6MaPr9TAOyrIC+7qFCHscL7tkNsm1MBfIJRRqRbCEY0mmeFn4Wg8FKsHtEH8r389Fz38r/o+kgXLg==}
    engines: {node: '>=10.0.0'}
    hasBin: true
    optionalDependencies:
      fsevents: 2.3.2
    dev: true

  /run-parallel/1.2.0:
    resolution: {integrity: sha512-5l4VyZR86LZ/lDxZTR6jqL8AFE2S0IFLMP26AbjsLVADxHdhB/c0GUsH+y39UfCi3dzz8OlQuPmnaJOMoDHQBA==}
    dependencies:
      queue-microtask: 1.2.3
    dev: true

  /side-channel/1.0.4:
    resolution: {integrity: sha512-q5XPytqFEIKHkGdiMIrY10mvLRvnQh42/+GoBlFW3b2LXLE2xxJpZFdm94we0BaoV3RwJyGqg5wS7epxTv0Zvw==}
    dependencies:
      call-bind: 1.0.2
      get-intrinsic: 1.1.1
      object-inspect: 1.10.3
    dev: true

  /source-map-js/0.6.2:
    resolution: {integrity: sha512-/3GptzWzu0+0MBQFrDKzw/DvvMTUORvgY6k6jd/VS6iCR4RDTKWH6v6WPwQoUO8667uQEf9Oe38DxAYWY5F/Ug==}
    engines: {node: '>=0.10.0'}
    dev: true

  /source-map/0.6.1:
    resolution: {integrity: sha512-UjgapumWlbMhkBgzT7Ykc5YXUT46F0iKu8SGXq0bcwP5dz/h0Plj6enJqjz1Zbq2l5WaqYnrVbwWOWMyF3F47g==}
    engines: {node: '>=0.10.0'}

  /sourcemap-codec/1.4.8:
    resolution: {integrity: sha512-9NykojV5Uih4lgo5So5dtw+f0JgJX30KCNI8gwhz2J9A15wD0Ml6tjHKwf6fTSa6fAdVBdZeNOs9eJ71qCk8vA==}
    dev: true

  /string-hash/1.1.3:
    resolution: {integrity: sha1-6Kr8CsGFW0Zmkp7X3RJ1311sgRs=}
    dev: true

  /string.prototype.trimend/1.0.4:
    resolution: {integrity: sha512-y9xCjw1P23Awk8EvTpcyL2NIr1j7wJ39f+k6lvRnSMz+mz9CGz9NYPelDk42kOz6+ql8xjfK8oYzy3jAP5QU5A==}
    dependencies:
      call-bind: 1.0.2
      define-properties: 1.1.3
    dev: true

  /string.prototype.trimstart/1.0.4:
    resolution: {integrity: sha512-jh6e984OBfvxS50tdY2nRZnoC5/mLFKOREQfw8t5yytkoUsJRNxvI/E39qu1sD0OtWI3OC0XgKSmcWwziwYuZw==}
    dependencies:
      call-bind: 1.0.2
      define-properties: 1.1.3
    dev: true

  /to-fast-properties/2.0.0:
    resolution: {integrity: sha1-3F5pjL0HkmW8c+A3doGk5Og/YW4=}
    engines: {node: '>=4'}

  /to-regex-range/5.0.1:
    resolution: {integrity: sha512-65P7iz6X5yEr1cwcgvQxbbIw7Uk3gOy5dIdtZ4rDveLqhrdJP+Li/Hx6tyK0NEb+2GCyneCMJiGqrADCSNk8sQ==}
    engines: {node: '>=8.0'}
    dependencies:
      is-number: 7.0.0
    dev: true

  /unbox-primitive/1.0.1:
    resolution: {integrity: sha512-tZU/3NqK3dA5gpE1KtyiJUrEB0lxnGkMFHptJ7q6ewdZ8s12QrODwNbhIJStmJkd1QDXa1NRA8aF2A1zk/Ypyw==}
    dependencies:
      function-bind: 1.1.1
      has-bigints: 1.0.1
      has-symbols: 1.0.2
      which-boxed-primitive: 1.0.2
    dev: true

  /util-deprecate/1.0.2:
    resolution: {integrity: sha1-RQ1Nyfpw3nMnYvvS1KKJgUGaDM8=}
    dev: true

  /vite-plugin-components/0.12.0_vite@2.3.8:
    resolution: {integrity: sha512-LJAn25KFLFw97mNQw74fsWvGAaaFXbDNGkReFpITPtIrmdRrwWowieg23INXAniPaGJVIhspLk0ippMPi/q0qA==}
    peerDependencies:
      vite: ^2.0.0
    dependencies:
      debug: 4.3.2
      fast-glob: 3.2.6
      magic-string: 0.25.7
      minimatch: 3.0.4
      vite: 2.3.8
    transitivePeerDependencies:
      - supports-color
    dev: true

  /vite-plugin-pages/0.14.8_vite@2.3.8:
    resolution: {integrity: sha512-EdEhuBY9BYVIFslxHZe9hrvURDaWD2wvQGHThxZvNnJELFLsZgGzjNZBf97rip+e/MvCNfYXBIE4I3SBVFD2CQ==}
    peerDependencies:
      vite: ^2.0.0
    dependencies:
      '@antfu/utils': 0.2.4
      debug: 4.3.2
      deep-equal: 2.0.5
      fast-glob: 3.2.6
      json5: 2.2.0
      vite: 2.3.8
      yaml: 2.0.0-6
    transitivePeerDependencies:
      - supports-color
    dev: true

  /vite-plugin-vue-layouts/0.3.1_vite@2.3.8:
    resolution: {integrity: sha512-Chw+gEJX51+vwikWIp2R3GbBIkSQFi0CdOBKTqAktn+thVWn4mleE2pbdr2jM2Ylc0lL2bm/NpOHE0Pe6YUGqg==}
    peerDependencies:
      vite: ^2.2.3
    dependencies:
      '@vue/compiler-sfc': 3.1.4_vue@3.1.4
      debug: 4.3.2
      fast-glob: 3.2.6
      vite: 2.3.8
      vue: 3.1.4
      vue-router: 4.0.10_vue@3.1.4
    transitivePeerDependencies:
      - supports-color
    dev: true

  /vite/2.3.8:
    resolution: {integrity: sha512-QiEx+iqNnJntSgSF2fWRQvRey9pORIrtNJzNyBJXwc+BdzWs83FQolX84cTBo393cfhObrtWa6180dAa4NLDiQ==}
    engines: {node: '>=12.0.0'}
    hasBin: true
    dependencies:
      esbuild: 0.12.14
      postcss: 8.3.5
      resolve: 1.20.0
      rollup: 2.52.7
    optionalDependencies:
      fsevents: 2.3.2
    dev: true

  /vue-demi/0.9.1_vue@3.1.4:
    resolution: {integrity: sha512-7s1lufRD2l369eFWPjgLvhqCRk0XzGWJsQc7K4q+0mZtixyGIvsK1Cg88P4NcaRIEiBuuN4q1NN4SZKFKwQswA==}
    hasBin: true
    requiresBuild: true
    peerDependencies:
      '@vue/composition-api': ^1.0.0-beta.1
      vue: ^2.6.0 || >=3.0.0-rc.1
    peerDependenciesMeta:
      '@vue/composition-api':
        optional: true
    dependencies:
      vue: 3.1.4
    dev: false

  /vue-router/4.0.10_vue@3.1.4:
    resolution: {integrity: sha512-YbPf6QnZpyyWfnk7CUt2Bme+vo7TLfg1nGZNkvYqKYh4vLaFw6Gn8bPGdmt5m4qrGnKoXLqc4htAsd3dIukICA==}
    peerDependencies:
      vue: ^3.0.0
    dependencies:
      '@vue/devtools-api': 6.0.0-beta.15
      vue: 3.1.4
    dev: true

  /vue/3.1.4:
    resolution: {integrity: sha512-p8dcdyeCgmaAiZsbLyDkmOLcFGZb/jEVdCLW65V68LRCXTNX8jKsgah2F7OZ/v/Ai2V0Fb1MNO0vz/GFqsPVMA==}
    dependencies:
      '@vue/compiler-dom': 3.1.4
      '@vue/runtime-dom': 3.1.4
      '@vue/shared': 3.1.4

  /which-boxed-primitive/1.0.2:
    resolution: {integrity: sha512-bwZdv0AKLpplFY2KZRX6TvyuN7ojjr7lwkg6ml0roIy9YeuSr7JS372qlNW18UQYzgYK9ziGcerWqZOmEn9VNg==}
    dependencies:
      is-bigint: 1.0.2
      is-boolean-object: 1.1.1
      is-number-object: 1.0.5
      is-string: 1.0.6
      is-symbol: 1.0.4
    dev: true

  /which-collection/1.0.1:
    resolution: {integrity: sha512-W8xeTUwaln8i3K/cY1nGXzdnVZlidBcagyNFtBdD5kxnb4TvGKR7FfSIS3mYpwWS1QUCutfKz8IY8RjftB0+1A==}
    dependencies:
      is-map: 2.0.2
      is-set: 2.0.2
      is-weakmap: 2.0.1
      is-weakset: 2.0.1
    dev: true

  /which-typed-array/1.1.4:
    resolution: {integrity: sha512-49E0SpUe90cjpoc7BOJwyPHRqSAd12c10Qm2amdEZrJPCY2NDxaW01zHITrem+rnETY3dwrbH3UUrUwagfCYDA==}
    engines: {node: '>= 0.4'}
    dependencies:
      available-typed-arrays: 1.0.4
      call-bind: 1.0.2
      es-abstract: 1.18.3
      foreach: 2.0.5
      function-bind: 1.1.1
      has-symbols: 1.0.2
      is-typed-array: 1.1.5
    dev: true

  /yallist/3.1.1:
    resolution: {integrity: sha512-a4UGQaWPH59mOXUYnAG2ewncQS4i4F43Tv3JoAM+s2VDAmS9NsK8GpDMLrCHPksFT7h3K6TOoUNn2pb7RoXx4g==}
    dev: true

  /yaml/2.0.0-6:
    resolution: {integrity: sha512-YPUm0Z0sei53zauT7HWkkxyIBJhb9Gnf5jv4w4ahw5/v3PjFGhZOt4paXH6g9hzcMJqmNxZwoGfF1JzE2jvSgg==}
    engines: {node: '>= 12'}
    dev: true
